
Microsoft Visual Studio Solution File, Format Version 12.00
# Visual Studio Version 17
VisualStudioVersion = 17.9.34616.47
MinimumVisualStudioVersion = 10.0.40219.1
Project("{8BC9CEB8-8B4A-11D0-8D11-00A0C91BC942}") = "class9", "class9.vcxproj", "{44C56BA8-73FB-472F-A81B-88F334DB9331}"
EndProject
Global
	GlobalSection(SolutionConfigurationPlatforms) = preSolution
		Debug|x64 = Debug|x64
		Debug|x86 = Debug|x86
		Release|x64 = Release|x64
		Release|x86 = Release|x86
	EndGlobalSection
	GlobalSection(ProjectConfigurationPlatforms) = postSolution
		{44C56BA8-73FB-472F-A81B-88F334DB9331}.Debug|x64.ActiveCfg = Debug|x64
		{44C56BA8-73FB-472F-A81B-88F334DB9331}.Debug|x64.Build.0 = Debug|x64
		{44C56BA8-73FB-472F-A81B-88F334DB9331}.Debug|x86.ActiveCfg = Debug|Win32
		{44C56BA8-73FB-472F-A81B-88F334DB9331}.Debug|x86.Build.0 = Debug|Win32
		{44C56BA8-73FB-472F-A81B-88F334DB9331}.Release|x64.ActiveCfg = Release|x64
		{44C56BA8-73FB-472F-A81B-88F334DB9331}.Release|x64.Build.0 = Release|x64
		{44C56BA8-73FB-472F-A81B-88F334DB9331}.Release|x86.ActiveCfg = Release|Win32
		{44C56BA8-73FB-472F-A81B-88F334DB9331}.Release|x86.Build.0 = Release|Win32
	EndGlobalSection
	GlobalSection(SolutionProperties) = preSolution
		HideSolutionNode = FALSE
	EndGlobalSection
	GlobalSection(ExtensibilityGlobals) = postSolution
		SolutionGuid = {318C9ECA-6697-4BC4-9C2F-4F51A5A2EB95}
	EndGlobalSection
EndGlobal
